
Microsoft Visual Studio Solution File, Format Version 12.00
# Visual Studio Version 17
VisualStudioVersion = 17.8.34330.188
MinimumVisualStudioVersion = 10.0.40219.1
Project("{FAE04EC0-301F-11D3-BF4B-00C04F79EFBC}") = "Crudapp", "Crudapp.csproj", "{2712FB2D-2906-46F8-B0FB-9B518892E142}"
EndProject
Global
	GlobalSection(SolutionConfigurationPlatforms) = preSolution
		Debug|Any CPU = Debug|Any CPU
		Release|Any CPU = Release|Any CPU
	EndGlobalSection
	GlobalSection(ProjectConfigurationPlatforms) = postSolution
		{2712FB2D-2906-46F8-B0FB-9B518892E142}.Debug|Any CPU.ActiveCfg = Debug|Any CPU
		{2712FB2D-2906-46F8-B0FB-9B518892E142}.Debug|Any CPU.Build.0 = Debug|Any CPU
		{2712FB2D-2906-46F8-B0FB-9B518892E142}.Release|Any CPU.ActiveCfg = Release|Any CPU
		{2712FB2D-2906-46F8-B0FB-9B518892E142}.Release|Any CPU.Build.0 = Release|Any CPU
	EndGlobalSection
	GlobalSection(SolutionProperties) = preSolution
		HideSolutionNode = FALSE
	EndGlobalSection
	GlobalSection(ExtensibilityGlobals) = postSolution
		SolutionGuid = {7FA3E5DA-57D9-46CF-90D4-32360AFB5464}
	EndGlobalSection
EndGlobal
